
Microsoft Visual Studio Solution File, Format Version 12.00
# Visual Studio Version 17
VisualStudioVersion = 17.11.35327.3
MinimumVisualStudioVersion = 10.0.40219.1
Project("{9A19103F-16F7-4668-BE54-9A1E7A4F7556}") = "tesz_kiertekeles", "tesz_kiertekeles\tesz_kiertekeles.csproj", "{88610060-3A0E-4B55-A581-0A624565365D}"
EndProject
Project("{FAE04EC0-301F-11D3-BF4B-00C04F79EFBC}") = "ClassLibrary1", "ClassLibrary1\ClassLibrary1.csproj", "{9E9ED5DE-84DC-4B5E-8F54-72F131785AB7}"
EndProject
Global
	GlobalSection(SolutionConfigurationPlatforms) = preSolution
		Debug|Any CPU = Debug|Any CPU
		Release|Any CPU = Release|Any CPU
	EndGlobalSection
	GlobalSection(ProjectConfigurationPlatforms) = postSolution
		{88610060-3A0E-4B55-A581-0A624565365D}.Debug|Any CPU.ActiveCfg = Debug|Any CPU
		{88610060-3A0E-4B55-A581-0A624565365D}.Debug|Any CPU.Build.0 = Debug|Any CPU
		{88610060-3A0E-4B55-A581-0A624565365D}.Release|Any CPU.ActiveCfg = Release|Any CPU
		{88610060-3A0E-4B55-A581-0A624565365D}.Release|Any CPU.Build.0 = Release|Any CPU
		{9E9ED5DE-84DC-4B5E-8F54-72F131785AB7}.Debug|Any CPU.ActiveCfg = Debug|Any CPU
		{9E9ED5DE-84DC-4B5E-8F54-72F131785AB7}.Debug|Any CPU.Build.0 = Debug|Any CPU
		{9E9ED5DE-84DC-4B5E-8F54-72F131785AB7}.Release|Any CPU.ActiveCfg = Release|Any CPU
		{9E9ED5DE-84DC-4B5E-8F54-72F131785AB7}.Release|Any CPU.Build.0 = Release|Any CPU
	EndGlobalSection
	GlobalSection(SolutionProperties) = preSolution
		HideSolutionNode = FALSE
	EndGlobalSection
	GlobalSection(ExtensibilityGlobals) = postSolution
		SolutionGuid = {529B1E3F-E18E-436F-BB3D-DAB85751C22A}
	EndGlobalSection
EndGlobal
