
Microsoft Visual Studio Solution File, Format Version 12.00
# Visual Studio Version 17
VisualStudioVersion = 17.11.35327.3
MinimumVisualStudioVersion = 10.0.40219.1
Project("{FAE04EC0-301F-11D3-BF4B-00C04F79EFBC}") = "tarskereso", "tarskereso\tarskereso.csproj", "{B230A923-19E8-485B-A4E7-3F97C913C575}"
EndProject
Global
	GlobalSection(SolutionConfigurationPlatforms) = preSolution
		Debug|Any CPU = Debug|Any CPU
		Release|Any CPU = Release|Any CPU
	EndGlobalSection
	GlobalSection(ProjectConfigurationPlatforms) = postSolution
		{B230A923-19E8-485B-A4E7-3F97C913C575}.Debug|Any CPU.ActiveCfg = Debug|Any CPU
		{B230A923-19E8-485B-A4E7-3F97C913C575}.Debug|Any CPU.Build.0 = Debug|Any CPU
		{B230A923-19E8-485B-A4E7-3F97C913C575}.Release|Any CPU.ActiveCfg = Release|Any CPU
		{B230A923-19E8-485B-A4E7-3F97C913C575}.Release|Any CPU.Build.0 = Release|Any CPU
	EndGlobalSection
	GlobalSection(SolutionProperties) = preSolution
		HideSolutionNode = FALSE
	EndGlobalSection
	GlobalSection(ExtensibilityGlobals) = postSolution
		SolutionGuid = {1058A00C-01B8-4CF6-86A3-B8D5293A17B7}
	EndGlobalSection
EndGlobal
