
Microsoft Visual Studio Solution File, Format Version 12.00
# Visual Studio Version 17
VisualStudioVersion = 17.14.37216.2
MinimumVisualStudioVersion = 10.0.40219.1
Project("{FAE04EC0-301F-11D3-BF4B-00C04F79EFBC}") = "Nyelviskola", "Nyelviskola\Nyelviskola.csproj", "{9C0562B9-AF94-49D3-88BA-70AD5F3F0B60}"
EndProject
Project("{FAE04EC0-301F-11D3-BF4B-00C04F79EFBC}") = "Nyelviskola_Lib", "Nyelviskola_Lib\Nyelviskola_Lib.csproj", "{C91E34CD-332B-4F7D-8668-84668089E08F}"
EndProject
Project("{FAE04EC0-301F-11D3-BF4B-00C04F79EFBC}") = "NyelviskolaGUI", "NyelviskolaGUI\NyelviskolaGUI.csproj", "{60286371-A851-4530-97A8-121A90269AF0}"
EndProject
Global
	GlobalSection(SolutionConfigurationPlatforms) = preSolution
		Debug|Any CPU = Debug|Any CPU
		Release|Any CPU = Release|Any CPU
	EndGlobalSection
	GlobalSection(ProjectConfigurationPlatforms) = postSolution
		{9C0562B9-AF94-49D3-88BA-70AD5F3F0B60}.Debug|Any CPU.ActiveCfg = Debug|Any CPU
		{9C0562B9-AF94-49D3-88BA-70AD5F3F0B60}.Debug|Any CPU.Build.0 = Debug|Any CPU
		{9C0562B9-AF94-49D3-88BA-70AD5F3F0B60}.Release|Any CPU.ActiveCfg = Release|Any CPU
		{9C0562B9-AF94-49D3-88BA-70AD5F3F0B60}.Release|Any CPU.Build.0 = Release|Any CPU
		{C91E34CD-332B-4F7D-8668-84668089E08F}.Debug|Any CPU.ActiveCfg = Debug|Any CPU
		{C91E34CD-332B-4F7D-8668-84668089E08F}.Debug|Any CPU.Build.0 = Debug|Any CPU
		{C91E34CD-332B-4F7D-8668-84668089E08F}.Release|Any CPU.ActiveCfg = Release|Any CPU
		{C91E34CD-332B-4F7D-8668-84668089E08F}.Release|Any CPU.Build.0 = Release|Any CPU
		{60286371-A851-4530-97A8-121A90269AF0}.Debug|Any CPU.ActiveCfg = Debug|Any CPU
		{60286371-A851-4530-97A8-121A90269AF0}.Debug|Any CPU.Build.0 = Debug|Any CPU
		{60286371-A851-4530-97A8-121A90269AF0}.Release|Any CPU.ActiveCfg = Release|Any CPU
		{60286371-A851-4530-97A8-121A90269AF0}.Release|Any CPU.Build.0 = Release|Any CPU
	EndGlobalSection
	GlobalSection(SolutionProperties) = preSolution
		HideSolutionNode = FALSE
	EndGlobalSection
	GlobalSection(ExtensibilityGlobals) = postSolution
		SolutionGuid = {724F6E42-459F-4BE4-8491-8FAE4C385E08}
	EndGlobalSection
EndGlobal
