
Microsoft Visual Studio Solution File, Format Version 12.00
# Visual Studio Version 17
VisualStudioVersion = 17.11.35327.3
MinimumVisualStudioVersion = 10.0.40219.1
Project("{FAE04EC0-301F-11D3-BF4B-00C04F79EFBC}") = "Infiormációs app", "Infiormációs app\Infiormációs app.csproj", "{E6D9C58A-6D3D-41CB-9527-8BF8E406C47E}"
EndProject
Global
	GlobalSection(SolutionConfigurationPlatforms) = preSolution
		Debug|Any CPU = Debug|Any CPU
		Release|Any CPU = Release|Any CPU
	EndGlobalSection
	GlobalSection(ProjectConfigurationPlatforms) = postSolution
		{E6D9C58A-6D3D-41CB-9527-8BF8E406C47E}.Debug|Any CPU.ActiveCfg = Debug|Any CPU
		{E6D9C58A-6D3D-41CB-9527-8BF8E406C47E}.Debug|Any CPU.Build.0 = Debug|Any CPU
		{E6D9C58A-6D3D-41CB-9527-8BF8E406C47E}.Release|Any CPU.ActiveCfg = Release|Any CPU
		{E6D9C58A-6D3D-41CB-9527-8BF8E406C47E}.Release|Any CPU.Build.0 = Release|Any CPU
	EndGlobalSection
	GlobalSection(SolutionProperties) = preSolution
		HideSolutionNode = FALSE
	EndGlobalSection
	GlobalSection(ExtensibilityGlobals) = postSolution
		SolutionGuid = {81E339FC-B905-46AD-9CE2-5E50A28AA587}
	EndGlobalSection
EndGlobal
